
Microsoft Visual Studio Solution File, Format Version 12.00
# Visual Studio Version 17
VisualStudioVersion = 17.3.32819.101
MinimumVisualStudioVersion = 10.0.40219.1
Project("{888888A0-9F3D-457C-B088-3A5042F75D52}") = "API results interp", "API results interp\API results interp.pyproj", "{2E953051-82C0-4520-A832-AE935AF3D187}"
EndProject
Global
	GlobalSection(SolutionConfigurationPlatforms) = preSolution
		Debug|Any CPU = Debug|Any CPU
		Release|Any CPU = Release|Any CPU
	EndGlobalSection
	GlobalSection(ProjectConfigurationPlatforms) = postSolution
		{2E953051-82C0-4520-A832-AE935AF3D187}.Debug|Any CPU.ActiveCfg = Debug|Any CPU
		{2E953051-82C0-4520-A832-AE935AF3D187}.Release|Any CPU.ActiveCfg = Release|Any CPU
	EndGlobalSection
	GlobalSection(SolutionProperties) = preSolution
		HideSolutionNode = FALSE
	EndGlobalSection
	GlobalSection(ExtensibilityGlobals) = postSolution
		SolutionGuid = {21B2C974-DFA8-40F2-B82F-0627F04DBEBE}
	EndGlobalSection
EndGlobal
