
Microsoft Visual Studio Solution File, Format Version 12.00
# Visual Studio Version 17
VisualStudioVersion = 17.3.32819.101
MinimumVisualStudioVersion = 10.0.40219.1
Project("{888888A0-9F3D-457C-B088-3A5042F75D52}") = "CSV writer", "CSV writer\CSV writer.pyproj", "{266FBCEE-67D7-4D2E-997D-2E72D77D98BE}"
EndProject
Global
	GlobalSection(SolutionConfigurationPlatforms) = preSolution
		Debug|Any CPU = Debug|Any CPU
		Release|Any CPU = Release|Any CPU
	EndGlobalSection
	GlobalSection(ProjectConfigurationPlatforms) = postSolution
		{266FBCEE-67D7-4D2E-997D-2E72D77D98BE}.Debug|Any CPU.ActiveCfg = Debug|Any CPU
		{266FBCEE-67D7-4D2E-997D-2E72D77D98BE}.Release|Any CPU.ActiveCfg = Release|Any CPU
	EndGlobalSection
	GlobalSection(SolutionProperties) = preSolution
		HideSolutionNode = FALSE
	EndGlobalSection
	GlobalSection(ExtensibilityGlobals) = postSolution
		SolutionGuid = {07460FCD-8F8F-4BE3-ACA6-26B7AB491BE8}
	EndGlobalSection
EndGlobal
