
Microsoft Visual Studio Solution File, Format Version 12.00
# Visual Studio Version 17
VisualStudioVersion = 17.3.32819.101
MinimumVisualStudioVersion = 10.0.40219.1
Project("{888888A0-9F3D-457C-B088-3A5042F75D52}") = "clustering", "clustering\clustering.pyproj", "{08BFB0DE-1494-455A-BE35-18534DD43F82}"
EndProject
Global
	GlobalSection(SolutionConfigurationPlatforms) = preSolution
		Debug|Any CPU = Debug|Any CPU
		Release|Any CPU = Release|Any CPU
	EndGlobalSection
	GlobalSection(ProjectConfigurationPlatforms) = postSolution
		{08BFB0DE-1494-455A-BE35-18534DD43F82}.Debug|Any CPU.ActiveCfg = Debug|Any CPU
		{08BFB0DE-1494-455A-BE35-18534DD43F82}.Release|Any CPU.ActiveCfg = Release|Any CPU
	EndGlobalSection
	GlobalSection(SolutionProperties) = preSolution
		HideSolutionNode = FALSE
	EndGlobalSection
	GlobalSection(ExtensibilityGlobals) = postSolution
		SolutionGuid = {4A1918FC-5C5A-4B05-89BA-63A443B21D38}
	EndGlobalSection
EndGlobal
